
Microsoft Visual Studio Solution File, Format Version 12.00
# Visual Studio 14
VisualStudioVersion = 14.0.25420.1
MinimumVisualStudioVersion = 10.0.40219.1
Project("{FAE04EC0-301F-11D3-BF4B-00C04F79EFBC}") = "Everything4Rent", "Everything4Rent\Everything4Rent.csproj", "{441766C4-51F5-4B13-ADE2-19E9EDC058BD}"
EndProject
Global
	GlobalSection(SolutionConfigurationPlatforms) = preSolution
		Debug|Any CPU = Debug|Any CPU
		Release|Any CPU = Release|Any CPU
	EndGlobalSection
	GlobalSection(ProjectConfigurationPlatforms) = postSolution
		{441766C4-51F5-4B13-ADE2-19E9EDC058BD}.Debug|Any CPU.ActiveCfg = Debug|Any CPU
		{441766C4-51F5-4B13-ADE2-19E9EDC058BD}.Debug|Any CPU.Build.0 = Debug|Any CPU
		{441766C4-51F5-4B13-ADE2-19E9EDC058BD}.Release|Any CPU.ActiveCfg = Release|Any CPU
		{441766C4-51F5-4B13-ADE2-19E9EDC058BD}.Release|Any CPU.Build.0 = Release|Any CPU
	EndGlobalSection
	GlobalSection(SolutionProperties) = preSolution
		HideSolutionNode = FALSE
	EndGlobalSection
EndGlobal
